// !$*UTF8*$!
{
	archiveVersion = 1;
	classes = {
	};
	objectVersion = 50;
	objects = {

/* Begin PBXBuildFile section */
		3339573925B93AE200B0C3A2 /* AppDelegate.swift in Sources */ = {isa = PBXBuildFile; fileRef = 3339573825B93AE200B0C3A2 /* AppDelegate.swift */; };
		3339573B25B93AE200B0C3A2 /* SceneDelegate.swift in Sources */ = {isa = PBXBuildFile; fileRef = 3339573A25B93AE200B0C3A2 /* SceneDelegate.swift */; };
		3339573D25B93AE200B0C3A2 /* ViewController.swift in Sources */ = {isa = PBXBuildFile; fileRef = 3339573C25B93AE200B0C3A2 /* ViewController.swift */; };
		3339574025B93AE200B0C3A2 /* Main.storyboard in Resources */ = {isa = PBXBuildFile; fileRef = 3339573E25B93AE200B0C3A2 /* Main.storyboard */; };
		3339574225B93AE300B0C3A2 /* Assets.xcassets in Resources */ = {isa = PBXBuildFile; fileRef = 3339574125B93AE300B0C3A2 /* Assets.xcassets */; };
		3339574525B93AE300B0C3A2 /* LaunchScreen.storyboard in Resources */ = {isa = PBXBuildFile; fileRef = 3339574325B93AE300B0C3A2 /* LaunchScreen.storyboard */; };
		3339575025B93AE300B0C3A2 /* MyMusicAppTests.swift in Sources */ = {isa = PBXBuildFile; fileRef = 3339574F25B93AE300B0C3A2 /* MyMusicAppTests.swift */; };
		3339575B25B93AE300B0C3A2 /* MyMusicAppUITests.swift in Sources */ = {isa = PBXBuildFile; fileRef = 3339575A25B93AE300B0C3A2 /* MyMusicAppUITests.swift */; };
		3339576C25B9453300B0C3A2 /* Player.swift in Sources */ = {isa = PBXBuildFile; fileRef = 3339576B25B9453300B0C3A2 /* Player.swift */; };
		3339577625B9635D00B0C3A2 /* Song5.mp3 in Resources */ = {isa = PBXBuildFile; fileRef = 3339577125B9635C00B0C3A2 /* Song5.mp3 */; };
		3339577725B9635D00B0C3A2 /* Song3.mp3 in Resources */ = {isa = PBXBuildFile; fileRef = 3339577225B9635C00B0C3A2 /* Song3.mp3 */; };
		3339577825B9635D00B0C3A2 /* Song2.mp3 in Resources */ = {isa = PBXBuildFile; fileRef = 3339577325B9635C00B0C3A2 /* Song2.mp3 */; };
		3339577925B9635E00B0C3A2 /* Song1.mp3 in Resources */ = {isa = PBXBuildFile; fileRef = 3339577425B9635D00B0C3A2 /* Song1.mp3 */; };
		3339577A25B9635E00B0C3A2 /* Song4.mp3 in Resources */ = {isa = PBXBuildFile; fileRef = 3339577525B9635D00B0C3A2 /* Song4.mp3 */; };
/* End PBXBuildFile section */

/* Begin PBXContainerItemProxy section */
		3339574C25B93AE300B0C3A2 /* PBXContainerItemProxy */ = {
			isa = PBXContainerItemProxy;
			containerPortal = 3339572D25B93AE200B0C3A2 /* Project object */;
			proxyType = 1;
			remoteGlobalIDString = 3339573425B93AE200B0C3A2;
			remoteInfo = MyMusicApp;
		};
		3339575725B93AE300B0C3A2 /* PBXContainerItemProxy */ = {
			isa = PBXContainerItemProxy;
			containerPortal = 3339572D25B93AE200B0C3A2 /* Project object */;
			proxyType = 1;
			remoteGlobalIDString = 3339573425B93AE200B0C3A2;
			remoteInfo = MyMusicApp;
		};
/* End PBXContainerItemProxy section */

/* Begin PBXFileReference section */
		3339573525B93AE200B0C3A2 /* MyMusicApp.app */ = {isa = PBXFileReference; explicitFileType = wrapper.application; includeInIndex = 0; path = MyMusicApp.app; sourceTree = BUILT_PRODUCTS_DIR; };
		3339573825B93AE200B0C3A2 /* AppDelegate.swift */ = {isa = PBXFileReference; lastKnownFileType = sourcecode.swift; path = AppDelegate.swift; sourceTree = "<group>"; };
		3339573A25B93AE200B0C3A2 /* SceneDelegate.swift */ = {isa = PBXFileReference; lastKnownFileType = sourcecode.swift; path = SceneDelegate.swift; sourceTree = "<group>"; };
		3339573C25B93AE200B0C3A2 /* ViewController.swift */ = {isa = PBXFileReference; lastKnownFileType = sourcecode.swift; path = ViewController.swift; sourceTree = "<group>"; };
		3339573F25B93AE200B0C3A2 /* Base */ = {isa = PBXFileReference; lastKnownFileType = file.storyboard; name = Base; path = Base.lproj/Main.storyboard; sourceTree = "<group>"; };
		3339574125B93AE300B0C3A2 /* Assets.xcassets */ = {isa = PBXFileReference; lastKnownFileType = folder.assetcatalog; path = Assets.xcassets; sourceTree = "<group>"; };
		3339574425B93AE300B0C3A2 /* Base */ = {isa = PBXFileReference; lastKnownFileType = file.storyboard; name = Base; path = Base.lproj/LaunchScreen.storyboard; sourceTree = "<group>"; };
		3339574625B93AE300B0C3A2 /* Info.plist */ = {isa = PBXFileReference; lastKnownFileType = text.plist.xml; path = Info.plist; sourceTree = "<group>"; };
		3339574B25B93AE300B0C3A2 /* MyMusicAppTests.xctest */ = {isa = PBXFileReference; explicitFileType = wrapper.cfbundle; includeInIndex = 0; path = MyMusicAppTests.xctest; sourceTree = BUILT_PRODUCTS_DIR; };
		3339574F25B93AE300B0C3A2 /* MyMusicAppTests.swift */ = {isa = PBXFileReference; lastKnownFileType = sourcecode.swift; path = MyMusicAppTests.swift; sourceTree = "<group>"; };
		3339575125B93AE300B0C3A2 /* Info.plist */ = {isa = PBXFileReference; lastKnownFileType = text.plist.xml; path = Info.plist; sourceTree = "<group>"; };
		3339575625B93AE300B0C3A2 /* MyMusicAppUITests.xctest */ = {isa = PBXFileReference; explicitFileType = wrapper.cfbundle; includeInIndex = 0; path = MyMusicAppUITests.xctest; sourceTree = BUILT_PRODUCTS_DIR; };
		3339575A25B93AE300B0C3A2 /* MyMusicAppUITests.swift */ = {isa = PBXFileReference; lastKnownFileType = sourcecode.swift; path = MyMusicAppUITests.swift; sourceTree = "<group>"; };
		3339575C25B93AE300B0C3A2 /* Info.plist */ = {isa = PBXFileReference; lastKnownFileType = text.plist.xml; path = Info.plist; sourceTree = "<group>"; };
		3339576B25B9453300B0C3A2 /* Player.swift */ = {isa = PBXFileReference; lastKnownFileType = sourcecode.swift; path = Player.swift; sourceTree = "<group>"; };
		3339577125B9635C00B0C3A2 /* Song5.mp3 */ = {isa = PBXFileReference; lastKnownFileType = audio.mp3; path = Song5.mp3; sourceTree = "<group>"; };
		3339577225B9635C00B0C3A2 /* Song3.mp3 */ = {isa = PBXFileReference; lastKnownFileType = audio.mp3; path = Song3.mp3; sourceTree = "<group>"; };
		3339577325B9635C00B0C3A2 /* Song2.mp3 */ = {isa = PBXFileReference; lastKnownFileType = audio.mp3; path = Song2.mp3; sourceTree = "<group>"; };
		3339577425B9635D00B0C3A2 /* Song1.mp3 */ = {isa = PBXFileReference; lastKnownFileType = audio.mp3; path = Song1.mp3; sourceTree = "<group>"; };
		3339577525B9635D00B0C3A2 /* Song4.mp3 */ = {isa = PBXFileReference; lastKnownFileType = audio.mp3; path = Song4.mp3; sourceTree = "<group>"; };
/* End PBXFileReference section */

/* Begin PBXFrameworksBuildPhase section */
		3339573225B93AE200B0C3A2 /* Frameworks */ = {
			isa = PBXFrameworksBuildPhase;
			buildActionMask = 2147483647;
			files = (
			);
			runOnlyForDeploymentPostprocessing = 0;
		};
		3339574825B93AE300B0C3A2 /* Frameworks */ = {
			isa = PBXFrameworksBuildPhase;
			buildActionMask = 2147483647;
			files = (
			);
			runOnlyForDeploymentPostprocessing = 0;
		};
		3339575325B93AE300B0C3A2 /* Frameworks */ = {
			isa = PBXFrameworksBuildPhase;
			buildActionMask = 2147483647;
			files = (
			);
			runOnlyForDeploymentPostprocessing = 0;
		};
/* End PBXFrameworksBuildPhase section */

/* Begin PBXGroup section */
		3339572C25B93AE200B0C3A2 = {
			isa = PBXGroup;
			children = (
				3339573725B93AE200B0C3A2 /* MyMusicApp */,
				3339574E25B93AE300B0C3A2 /* MyMusicAppTests */,
				3339575925B93AE300B0C3A2 /* MyMusicAppUITests */,
				3339573625B93AE200B0C3A2 /* Products */,
			);
			sourceTree = "<group>";
		};
		3339573625B93AE200B0C3A2 /* Products */ = {
			isa = PBXGroup;
			children = (
				3339573525B93AE200B0C3A2 /* MyMusicApp.app */,
				3339574B25B93AE300B0C3A2 /* MyMusicAppTests.xctest */,
				3339575625B93AE300B0C3A2 /* MyMusicAppUITests.xctest */,
			);
			name = Products;
			sourceTree = "<group>";
		};
		3339573725B93AE200B0C3A2 /* MyMusicApp */ = {
			isa = PBXGroup;
			children = (
				3339577025B9634700B0C3A2 /* Audio */,
				3339573825B93AE200B0C3A2 /* AppDelegate.swift */,
				3339573A25B93AE200B0C3A2 /* SceneDelegate.swift */,
				3339573C25B93AE200B0C3A2 /* ViewController.swift */,
				3339576B25B9453300B0C3A2 /* Player.swift */,
				3339573E25B93AE200B0C3A2 /* Main.storyboard */,
				3339574125B93AE300B0C3A2 /* Assets.xcassets */,
				3339574325B93AE300B0C3A2 /* LaunchScreen.storyboard */,
				3339574625B93AE300B0C3A2 /* Info.plist */,
			);
			path = MyMusicApp;
			sourceTree = "<group>";
		};
		3339574E25B93AE300B0C3A2 /* MyMusicAppTests */ = {
			isa = PBXGroup;
			children = (
				3339574F25B93AE300B0C3A2 /* MyMusicAppTests.swift */,
				3339575125B93AE300B0C3A2 /* Info.plist */,
			);
			path = MyMusicAppTests;
			sourceTree = "<group>";
		};
		3339575925B93AE300B0C3A2 /* MyMusicAppUITests */ = {
			isa = PBXGroup;
			children = (
				3339575A25B93AE300B0C3A2 /* MyMusicAppUITests.swift */,
				3339575C25B93AE300B0C3A2 /* Info.plist */,
			);
			path = MyMusicAppUITests;
			sourceTree = "<group>";
		};
		3339577025B9634700B0C3A2 /* Audio */ = {
			isa = PBXGroup;
			children = (
				3339577425B9635D00B0C3A2 /* Song1.mp3 */,
				3339577325B9635C00B0C3A2 /* Song2.mp3 */,
				3339577225B9635C00B0C3A2 /* Song3.mp3 */,
				3339577525B9635D00B0C3A2 /* Song4.mp3 */,
				3339577125B9635C00B0C3A2 /* Song5.mp3 */,
			);
			path = Audio;
			sourceTree = "<group>";
		};
/* End PBXGroup section */

/* Begin PBXNativeTarget section */
		3339573425B93AE200B0C3A2 /* MyMusicApp */ = {
			isa = PBXNativeTarget;
			buildConfigurationList = 3339575F25B93AE300B0C3A2 /* Build configuration list for PBXNativeTarget "MyMusicApp" */;
			buildPhases = (
				3339573125B93AE200B0C3A2 /* Sources */,
				3339573225B93AE200B0C3A2 /* Frameworks */,
				3339573325B93AE200B0C3A2 /* Resources */,
			);
			buildRules = (
			);
			dependencies = (
			);
			name = MyMusicApp;
			productName = MyMusicApp;
			productReference = 3339573525B93AE200B0C3A2 /* MyMusicApp.app */;
			productType = "com.apple.product-type.application";
		};
		3339574A25B93AE300B0C3A2 /* MyMusicAppTests */ = {
			isa = PBXNativeTarget;
			buildConfigurationList = 3339576225B93AE300B0C3A2 /* Build configuration list for PBXNativeTarget "MyMusicAppTests" */;
			buildPhases = (
				3339574725B93AE300B0C3A2 /* Sources */,
				3339574825B93AE300B0C3A2 /* Frameworks */,
				3339574925B93AE300B0C3A2 /* Resources */,
			);
			buildRules = (
			);
			dependencies = (
				3339574D25B93AE300B0C3A2 /* PBXTargetDependency */,
			);
			name = MyMusicAppTests;
			productName = MyMusicAppTests;
			productReference = 3339574B25B93AE300B0C3A2 /* MyMusicAppTests.xctest */;
			productType = "com.apple.product-type.bundle.unit-test";
		};
		3339575525B93AE300B0C3A2 /* MyMusicAppUITests */ = {
			isa = PBXNativeTarget;
			buildConfigurationList = 3339576525B93AE300B0C3A2 /* Build configuration list for PBXNativeTarget "MyMusicAppUITests" */;
			buildPhases = (
				3339575225B93AE300B0C3A2 /* Sources */,
				3339575325B93AE300B0C3A2 /* Frameworks */,
				3339575425B93AE300B0C3A2 /* Resources */,
			);
			buildRules = (
			);
			dependencies = (
				3339575825B93AE300B0C3A2 /* PBXTargetDependency */,
			);
			name = MyMusicAppUITests;
			productName = MyMusicAppUITests;
			productReference = 3339575625B93AE300B0C3A2 /* MyMusicAppUITests.xctest */;
			productType = "com.apple.product-type.bundle.ui-testing";
		};
/* End PBXNativeTarget section */

/* Begin PBXProject section */
		3339572D25B93AE200B0C3A2 /* Project object */ = {
			isa = PBXProject;
			attributes = {
				LastSwiftUpdateCheck = 1220;
				LastUpgradeCheck = 1220;
				TargetAttributes = {
					3339573425B93AE200B0C3A2 = {
						CreatedOnToolsVersion = 12.2;
					};
					3339574A25B93AE300B0C3A2 = {
						CreatedOnToolsVersion = 12.2;
						TestTargetID = 3339573425B93AE200B0C3A2;
					};
					3339575525B93AE300B0C3A2 = {
						CreatedOnToolsVersion = 12.2;
						TestTargetID = 3339573425B93AE200B0C3A2;
					};
				};
			};
			buildConfigurationList = 3339573025B93AE200B0C3A2 /* Build configuration list for PBXProject "MyMusicApp" */;
			compatibilityVersion = "Xcode 9.3";
			developmentRegion = en;
			hasScannedForEncodings = 0;
			knownRegions = (
				en,
				Base,
			);
			mainGroup = 3339572C25B93AE200B0C3A2;
			productRefGroup = 3339573625B93AE200B0C3A2 /* Products */;
			projectDirPath = "";
			projectRoot = "";
			targets = (
				3339573425B93AE200B0C3A2 /* MyMusicApp */,
				3339574A25B93AE300B0C3A2 /* MyMusicAppTests */,
				3339575525B93AE300B0C3A2 /* MyMusicAppUITests */,
			);
		};
/* End PBXProject section */

/* Begin PBXResourcesBuildPhase section */
		3339573325B93AE200B0C3A2 /* Resources */ = {
			isa = PBXResourcesBuildPhase;
			buildActionMask = 2147483647;
			files = (
				3339574525B93AE300B0C3A2 /* LaunchScreen.storyboard in Resources */,
				3339574225B93AE300B0C3A2 /* Assets.xcassets in Resources */,
				3339577A25B9635E00B0C3A2 /* Song4.mp3 in Resources */,
				3339577825B9635D00B0C3A2 /* Song2.mp3 in Resources */,
				3339577925B9635E00B0C3A2 /* Song1.mp3 in Resources */,
				3339574025B93AE200B0C3A2 /* Main.storyboard in Resources */,
				3339577625B9635D00B0C3A2 /* Song5.mp3 in Resources */,
				3339577725B9635D00B0C3A2 /* Song3.mp3 in Resources */,
			);
			runOnlyForDeploymentPostprocessing = 0;
		};
		3339574925B93AE300B0C3A2 /* Resources */ = {
			isa = PBXResourcesBuildPhase;
			buildActionMask = 2147483647;
			files = (
			);
			runOnlyForDeploymentPostprocessing = 0;
		};
		3339575425B93AE300B0C3A2 /* Resources */ = {
			isa = PBXResourcesBuildPhase;
			buildActionMask = 2147483647;
			files = (
			);
			runOnlyForDeploymentPostprocessing = 0;
		};
/* End PBXResourcesBuildPhase section */

/* Begin PBXSourcesBuildPhase section */
		3339573125B93AE200B0C3A2 /* Sources */ = {
			isa = PBXSourcesBuildPhase;
			buildActionMask = 2147483647;
			files = (
				3339576C25B9453300B0C3A2 /* Player.swift in Sources */,
				3339573D25B93AE200B0C3A2 /* ViewController.swift in Sources */,
				3339573925B93AE200B0C3A2 /* AppDelegate.swift in Sources */,
				3339573B25B93AE200B0C3A2 /* SceneDelegate.swift in Sources */,
			);
			runOnlyForDeploymentPostprocessing = 0;
		};
		3339574725B93AE300B0C3A2 /* Sources */ = {
			isa = PBXSourcesBuildPhase;
			buildActionMask = 2147483647;
			files = (
				3339575025B93AE300B0C3A2 /* MyMusicAppTests.swift in Sources */,
			);
			runOnlyForDeploymentPostprocessing = 0;
		};
		3339575225B93AE300B0C3A2 /* Sources */ = {
			isa = PBXSourcesBuildPhase;
			buildActionMask = 2147483647;
			files = (
				3339575B25B93AE300B0C3A2 /* MyMusicAppUITests.swift in Sources */,
			);
			runOnlyForDeploymentPostprocessing = 0;
		};
/* End PBXSourcesBuildPhase section */

/* Begin PBXTargetDependency section */
		3339574D25B93AE300B0C3A2 /* PBXTargetDependency */ = {
			isa = PBXTargetDependency;
			target = 3339573425B93AE200B0C3A2 /* MyMusicApp */;
			targetProxy = 3339574C25B93AE300B0C3A2 /* PBXContainerItemProxy */;
		};
		3339575825B93AE300B0C3A2 /* PBXTargetDependency */ = {
			isa = PBXTargetDependency;
			target = 3339573425B93AE200B0C3A2 /* MyMusicApp */;
			targetProxy = 3339575725B93AE300B0C3A2 /* PBXContainerItemProxy */;
		};
/* End PBXTargetDependency section */

/* Begin PBXVariantGroup section */
		3339573E25B93AE200B0C3A2 /* Main.storyboard */ = {
			isa = PBXVariantGroup;
			children = (
				3339573F25B93AE200B0C3A2 /* Base */,
			);
			name = Main.storyboard;
			sourceTree = "<group>";
		};
		3339574325B93AE300B0C3A2 /* LaunchScreen.storyboard */ = {
			isa = PBXVariantGroup;
			children = (
				3339574425B93AE300B0C3A2 /* Base */,
			);
			name = LaunchScreen.storyboard;
			sourceTree = "<group>";
		};
/* End PBXVariantGroup section */

/* Begin XCBuildConfiguration section */
		3339575D25B93AE300B0C3A2 /* Debug */ = {
			isa = XCBuildConfiguration;
			buildSettings = {
				ALWAYS_SEARCH_USER_PATHS = NO;
				CLANG_ANALYZER_NONNULL = YES;
				CLANG_ANALYZER_NUMBER_OBJECT_CONVERSION = YES_AGGRESSIVE;
				CLANG_CXX_LANGUAGE_STANDARD = "gnu++14";
				CLANG_CXX_LIBRARY = "libc++";
				CLANG_ENABLE_MODULES = YES;
				CLANG_ENABLE_OBJC_ARC = YES;
				CLANG_ENABLE_OBJC_WEAK = YES;
				CLANG_WARN_BLOCK_CAPTURE_AUTORELEASING = YES;
				CLANG_WARN_BOOL_CONVERSION = YES;
				CLANG_WARN_COMMA = YES;
				CLANG_WARN_CONSTANT_CONVERSION = YES;
				CLANG_WARN_DEPRECATED_OBJC_IMPLEMENTATIONS = YES;
				CLANG_WARN_DIRECT_OBJC_ISA_USAGE = YES_ERROR;
				CLANG_WARN_DOCUMENTATION_COMMENTS = YES;
				CLANG_WARN_EMPTY_BODY = YES;
				CLANG_WARN_ENUM_CONVERSION = YES;
				CLANG_WARN_INFINITE_RECURSION = YES;
				CLANG_WARN_INT_CONVERSION = YES;
				CLANG_WARN_NON_LITERAL_NULL_CONVERSION = YES;
				CLANG_WARN_OBJC_IMPLICIT_RETAIN_SELF = YES;
				CLANG_WARN_OBJC_LITERAL_CONVERSION = YES;
				CLANG_WARN_OBJC_ROOT_CLASS = YES_ERROR;
				CLANG_WARN_QUOTED_INCLUDE_IN_FRAMEWORK_HEADER = YES;
				CLANG_WARN_RANGE_LOOP_ANALYSIS = YES;
				CLANG_WARN_STRICT_PROTOTYPES = YES;
				CLANG_WARN_SUSPICIOUS_MOVE = YES;
				CLANG_WARN_UNGUARDED_AVAILABILITY = YES_AGGRESSIVE;
				CLANG_WARN_UNREACHABLE_CODE = YES;
				CLANG_WARN__DUPLICATE_METHOD_MATCH = YES;
				COPY_PHASE_STRIP = NO;
				DEBUG_INFORMATION_FORMAT = dwarf;
				ENABLE_STRICT_OBJC_MSGSEND = YES;
				ENABLE_TESTABILITY = YES;
				GCC_C_LANGUAGE_STANDARD = gnu11;
				GCC_DYNAMIC_NO_PIC = NO;
				GCC_NO_COMMON_BLOCKS = YES;
				GCC_OPTIMIZATION_LEVEL = 0;
				GCC_PREPROCESSOR_DEFINITIONS = (
					"DEBUG=1",
					"$(inherited)",
				);
				GCC_WARN_64_TO_32_BIT_CONVERSION = YES;
				GCC_WARN_ABOUT_RETURN_TYPE = YES_ERROR;
				GCC_WARN_UNDECLARED_SELECTOR = YES;
				GCC_WARN_UNINITIALIZED_AUTOS = YES_AGGRESSIVE;
				GCC_WARN_UNUSED_FUNCTION = YES;
				GCC_WARN_UNUSED_VARIABLE = YES;
				IPHONEOS_DEPLOYMENT_TARGET = 14.2;
				MTL_ENABLE_DEBUG_INFO = INCLUDE_SOURCE;
				MTL_FAST_MATH = YES;
				ONLY_ACTIVE_ARCH = YES;
				SDKROOT = iphoneos;
				SWIFT_ACTIVE_COMPILATION_CONDITIONS = DEBUG;
				SWIFT_OPTIMIZATION_LEVEL = "-Onone";
			};
			name = Debug;
		};
		3339575E25B93AE300B0C3A2 /* Release */ = {
			isa = XCBuildConfiguration;
			buildSettings = {
				ALWAYS_SEARCH_USER_PATHS = NO;
				CLANG_ANALYZER_NONNULL = YES;
				CLANG_ANALYZER_NUMBER_OBJECT_CONVERSION = YES_AGGRESSIVE;
				CLANG_CXX_LANGUAGE_STANDARD = "gnu++14";
				CLANG_CXX_LIBRARY = "libc++";
				CLANG_ENABLE_MODULES = YES;
				CLANG_ENABLE_OBJC_ARC = YES;
				CLANG_ENABLE_OBJC_WEAK = YES;
				CLANG_WARN_BLOCK_CAPTURE_AUTORELEASING = YES;
				CLANG_WARN_BOOL_CONVERSION = YES;
				CLANG_WARN_COMMA = YES;
				CLANG_WARN_CONSTANT_CONVERSION = YES;
				CLANG_WARN_DEPRECATED_OBJC_IMPLEMENTATIONS = YES;
				CLANG_WARN_DIRECT_OBJC_ISA_USAGE = YES_ERROR;
				CLANG_WARN_DOCUMENTATION_COMMENTS = YES;
				CLANG_WARN_EMPTY_BODY = YES;
				CLANG_WARN_ENUM_CONVERSION = YES;
				CLANG_WARN_INFINITE_RECURSION = YES;
				CLANG_WARN_INT_CONVERSION = YES;
				CLANG_WARN_NON_LITERAL_NULL_CONVERSION = YES;
				CLANG_WARN_OBJC_IMPLICIT_RETAIN_SELF = YES;
				CLANG_WARN_OBJC_LITERAL_CONVERSION = YES;
				CLANG_WARN_OBJC_ROOT_CLASS = YES_ERROR;
				CLANG_WARN_QUOTED_INCLUDE_IN_FRAMEWORK_HEADER = YES;
				CLANG_WARN_RANGE_LOOP_ANALYSIS = YES;
				CLANG_WARN_STRICT_PROTOTYPES = YES;
				CLANG_WARN_SUSPICIOUS_MOVE = YES;
				CLANG_WARN_UNGUARDED_AVAILABILITY = YES_AGGRESSIVE;
				CLANG_WARN_UNREACHABLE_CODE = YES;
				CLANG_WARN__DUPLICATE_METHOD_MATCH = YES;
				COPY_PHASE_STRIP = NO;
				DEBUG_INFORMATION_FORMAT = "dwarf-with-dsym";
				ENABLE_NS_ASSERTIONS = NO;
				ENABLE_STRICT_OBJC_MSGSEND = YES;
				GCC_C_LANGUAGE_STANDARD = gnu11;
				GCC_NO_COMMON_BLOCKS = YES;
				GCC_WARN_64_TO_32_BIT_CONVERSION = YES;
				GCC_WARN_ABOUT_RETURN_TYPE = YES_ERROR;
				GCC_WARN_UNDECLARED_SELECTOR = YES;
				GCC_WARN_UNINITIALIZED_AUTOS = YES_AGGRESSIVE;
				GCC_WARN_UNUSED_FUNCTION = YES;
				GCC_WARN_UNUSED_VARIABLE = YES;
				IPHONEOS_DEPLOYMENT_TARGET = 14.2;
				MTL_ENABLE_DEBUG_INFO = NO;
				MTL_FAST_MATH = YES;
				SDKROOT = iphoneos;
				SWIFT_COMPILATION_MODE = wholemodule;
				SWIFT_OPTIMIZATION_LEVEL = "-O";
				VALIDATE_PRODUCT = YES;
			};
			name = Release;
		};
		3339576025B93AE300B0C3A2 /* Debug */ = {
			isa = XCBuildConfiguration;
			buildSettings = {
				ASSETCATALOG_COMPILER_APPICON_NAME = AppIcon;
				ASSETCATALOG_COMPILER_GLOBAL_ACCENT_COLOR_NAME = AccentColor;
				CODE_SIGN_STYLE = Automatic;
				INFOPLIST_FILE = MyMusicApp/Info.plist;
				LD_RUNPATH_SEARCH_PATHS = (
					"$(inherited)",
					"@executable_path/Frameworks",
				);
				PRODUCT_BUNDLE_IDENTIFIER = com.MusicApp.MyMusicApp;
				PRODUCT_NAME = "$(TARGET_NAME)";
				SWIFT_VERSION = 5.0;
				TARGETED_DEVICE_FAMILY = "1,2";
			};
			name = Debug;
		};
		3339576125B93AE300B0C3A2 /* Release */ = {
			isa = XCBuildConfiguration;
			buildSettings = {
				ASSETCATALOG_COMPILER_APPICON_NAME = AppIcon;
				ASSETCATALOG_COMPILER_GLOBAL_ACCENT_COLOR_NAME = AccentColor;
				CODE_SIGN_STYLE = Automatic;
				INFOPLIST_FILE = MyMusicApp/Info.plist;
				LD_RUNPATH_SEARCH_PATHS = (
					"$(inherited)",
					"@executable_path/Frameworks",
				);
				PRODUCT_BUNDLE_IDENTIFIER = com.MusicApp.MyMusicApp;
				PRODUCT_NAME = "$(TARGET_NAME)";
				SWIFT_VERSION = 5.0;
				TARGETED_DEVICE_FAMILY = "1,2";
			};
			name = Release;
		};
		3339576325B93AE300B0C3A2 /* Debug */ = {
			isa = XCBuildConfiguration;
			buildSettings = {
				ALWAYS_EMBED_SWIFT_STANDARD_LIBRARIES = YES;
				BUNDLE_LOADER = "$(TEST_HOST)";
				CODE_SIGN_STYLE = Automatic;
				INFOPLIST_FILE = MyMusicAppTests/Info.plist;
				IPHONEOS_DEPLOYMENT_TARGET = 14.2;
				LD_RUNPATH_SEARCH_PATHS = (
					"$(inherited)",
					"@executable_path/Frameworks",
					"@loader_path/Frameworks",
				);
				PRODUCT_BUNDLE_IDENTIFIER = com.MusicApp.MyMusicAppTests;
				PRODUCT_NAME = "$(TARGET_NAME)";
				SWIFT_VERSION = 5.0;
				TARGETED_DEVICE_FAMILY = "1,2";
				TEST_HOST = "$(BUILT_PRODUCTS_DIR)/MyMusicApp.app/MyMusicApp";
			};
			name = Debug;
		};
		3339576425B93AE300B0C3A2 /* Release */ = {
			isa = XCBuildConfiguration;
			buildSettings = {
				ALWAYS_EMBED_SWIFT_STANDARD_LIBRARIES = YES;
				BUNDLE_LOADER = "$(TEST_HOST)";
				CODE_SIGN_STYLE = Automatic;
				INFOPLIST_FILE = MyMusicAppTests/Info.plist;
				IPHONEOS_DEPLOYMENT_TARGET = 14.2;
				LD_RUNPATH_SEARCH_PATHS = (
					"$(inherited)",
					"@executable_path/Frameworks",
					"@loader_path/Frameworks",
				);
				PRODUCT_BUNDLE_IDENTIFIER = com.MusicApp.MyMusicAppTests;
				PRODUCT_NAME = "$(TARGET_NAME)";
				SWIFT_VERSION = 5.0;
				TARGETED_DEVICE_FAMILY = "1,2";
				TEST_HOST = "$(BUILT_PRODUCTS_DIR)/MyMusicApp.app/MyMusicApp";
			};
			name = Release;
		};
		3339576625B93AE300B0C3A2 /* Debug */ = {
			isa = XCBuildConfiguration;
			buildSettings = {
				ALWAYS_EMBED_SWIFT_STANDARD_LIBRARIES = YES;
				CODE_SIGN_STYLE = Automatic;
				INFOPLIST_FILE = MyMusicAppUITests/Info.plist;
				LD_RUNPATH_SEARCH_PATHS = (
					"$(inherited)",
					"@executable_path/Frameworks",
					"@loader_path/Frameworks",
				);
				PRODUCT_BUNDLE_IDENTIFIER = com.MusicApp.MyMusicAppUITests;
				PRODUCT_NAME = "$(TARGET_NAME)";
				SWIFT_VERSION = 5.0;
				TARGETED_DEVICE_FAMILY = "1,2";
				TEST_TARGET_NAME = MyMusicApp;
			};
			name = Debug;
		};
		3339576725B93AE300B0C3A2 /* Release */ = {
			isa = XCBuildConfiguration;
			buildSettings = {
				ALWAYS_EMBED_SWIFT_STANDARD_LIBRARIES = YES;
				CODE_SIGN_STYLE = Automatic;
				INFOPLIST_FILE = MyMusicAppUITests/Info.plist;
				LD_RUNPATH_SEARCH_PATHS = (
					"$(inherited)",
					"@executable_path/Frameworks",
					"@loader_path/Frameworks",
				);
				PRODUCT_BUNDLE_IDENTIFIER = com.MusicApp.MyMusicAppUITests;
				PRODUCT_NAME = "$(TARGET_NAME)";
				SWIFT_VERSION = 5.0;
				TARGETED_DEVICE_FAMILY = "1,2";
				TEST_TARGET_NAME = MyMusicApp;
			};
			name = Release;
		};
/* End XCBuildConfiguration section */

/* Begin XCConfigurationList section */
		3339573025B93AE200B0C3A2 /* Build configuration list for PBXProject "MyMusicApp" */ = {
			isa = XCConfigurationList;
			buildConfigurations = (
				3339575D25B93AE300B0C3A2 /* Debug */,
				3339575E25B93AE300B0C3A2 /* Release */,
			);
			defaultConfigurationIsVisible = 0;
			defaultConfigurationName = Release;
		};
		3339575F25B93AE300B0C3A2 /* Build configuration list for PBXNativeTarget "MyMusicApp" */ = {
			isa = XCConfigurationList;
			buildConfigurations = (
				3339576025B93AE300B0C3A2 /* Debug */,
				3339576125B93AE300B0C3A2 /* Release */,
			);
			defaultConfigurationIsVisible = 0;
			defaultConfigurationName = Release;
		};
		3339576225B93AE300B0C3A2 /* Build configuration list for PBXNativeTarget "MyMusicAppTests" */ = {
			isa = XCConfigurationList;
			buildConfigurations = (
				3339576325B93AE300B0C3A2 /* Debug */,
				3339576425B93AE300B0C3A2 /* Release */,
			);
			defaultConfigurationIsVisible = 0;
			defaultConfigurationName = Release;
		};
		3339576525B93AE300B0C3A2 /* Build configuration list for PBXNativeTarget "MyMusicAppUITests" */ = {
			isa = XCConfigurationList;
			buildConfigurations = (
				3339576625B93AE300B0C3A2 /* Debug */,
				3339576725B93AE300B0C3A2 /* Release */,
			);
			defaultConfigurationIsVisible = 0;
			defaultConfigurationName = Release;
		};
/* End XCConfigurationList section */
	};
	rootObject = 3339572D25B93AE200B0C3A2 /* Project object */;
}
